
Microsoft Visual Studio Solution File, Format Version 12.00
# Visual Studio Version 17
VisualStudioVersion = 17.8.34525.116
MinimumVisualStudioVersion = 10.0.40219.1
Project("{FAE04EC0-301F-11D3-BF4B-00C04F79EFBC}") = "L01_2023PH651-2020VV602", "L01_2023PH651-2020VV602\L01_2023PH651-2020VV602.csproj", "{E23CA8A5-E942-4E5B-920D-8747FDAF2406}"
EndProject
Global
	GlobalSection(SolutionConfigurationPlatforms) = preSolution
		Debug|Any CPU = Debug|Any CPU
		Release|Any CPU = Release|Any CPU
	EndGlobalSection
	GlobalSection(ProjectConfigurationPlatforms) = postSolution
		{E23CA8A5-E942-4E5B-920D-8747FDAF2406}.Debug|Any CPU.ActiveCfg = Debug|Any CPU
		{E23CA8A5-E942-4E5B-920D-8747FDAF2406}.Debug|Any CPU.Build.0 = Debug|Any CPU
		{E23CA8A5-E942-4E5B-920D-8747FDAF2406}.Release|Any CPU.ActiveCfg = Release|Any CPU
		{E23CA8A5-E942-4E5B-920D-8747FDAF2406}.Release|Any CPU.Build.0 = Release|Any CPU
	EndGlobalSection
	GlobalSection(SolutionProperties) = preSolution
		HideSolutionNode = FALSE
	EndGlobalSection
	GlobalSection(ExtensibilityGlobals) = postSolution
		SolutionGuid = {63586FBE-F48A-4F2E-A7FD-E061081B9710}
	EndGlobalSection
EndGlobal
